
Microsoft Visual Studio Solution File, Format Version 12.00
# Visual Studio Version 17
VisualStudioVersion = 17.10.35027.167
MinimumVisualStudioVersion = 10.0.40219.1
Project("{FAE04EC0-301F-11D3-BF4B-00C04F79EFBC}") = "CFinance.Api", "CFinance.Api\CFinance.Api.csproj", "{59CD8B17-B3E0-4EE2-BBA2-FB7FC4816EE8}"
EndProject
Project("{FAE04EC0-301F-11D3-BF4B-00C04F79EFBC}") = "CFinance.Domain", "CFinance.Domain\CFinance.Domain.csproj", "{84D5DC05-2BD0-4FE5-9A82-0DE65953FE46}"
EndProject
Project("{FAE04EC0-301F-11D3-BF4B-00C04F79EFBC}") = "CFinance.Application", "CFinance.Application\CFinance.Application.csproj", "{A7E35D05-7DA4-4525-9AAD-05D1383EE899}"
EndProject
Project("{FAE04EC0-301F-11D3-BF4B-00C04F79EFBC}") = "CFinance.Infrastructure", "CFinance.Infrastructure\CFinance.Infrastructure.csproj", "{87B3450F-7E46-4CF5-8486-315128B5DF99}"
EndProject
Global
	GlobalSection(SolutionConfigurationPlatforms) = preSolution
		Debug|Any CPU = Debug|Any CPU
		Debug|x64 = Debug|x64
		Debug|x86 = Debug|x86
		Release|Any CPU = Release|Any CPU
		Release|x64 = Release|x64
		Release|x86 = Release|x86
	EndGlobalSection
	GlobalSection(ProjectConfigurationPlatforms) = postSolution
		{59CD8B17-B3E0-4EE2-BBA2-FB7FC4816EE8}.Debug|Any CPU.ActiveCfg = Debug|Any CPU
		{59CD8B17-B3E0-4EE2-BBA2-FB7FC4816EE8}.Debug|Any CPU.Build.0 = Debug|Any CPU
		{59CD8B17-B3E0-4EE2-BBA2-FB7FC4816EE8}.Debug|x64.ActiveCfg = Debug|Any CPU
		{59CD8B17-B3E0-4EE2-BBA2-FB7FC4816EE8}.Debug|x64.Build.0 = Debug|Any CPU
		{59CD8B17-B3E0-4EE2-BBA2-FB7FC4816EE8}.Debug|x86.ActiveCfg = Debug|Any CPU
		{59CD8B17-B3E0-4EE2-BBA2-FB7FC4816EE8}.Debug|x86.Build.0 = Debug|Any CPU
		{59CD8B17-B3E0-4EE2-BBA2-FB7FC4816EE8}.Release|Any CPU.ActiveCfg = Release|Any CPU
		{59CD8B17-B3E0-4EE2-BBA2-FB7FC4816EE8}.Release|Any CPU.Build.0 = Release|Any CPU
		{59CD8B17-B3E0-4EE2-BBA2-FB7FC4816EE8}.Release|x64.ActiveCfg = Release|Any CPU
		{59CD8B17-B3E0-4EE2-BBA2-FB7FC4816EE8}.Release|x64.Build.0 = Release|Any CPU
		{59CD8B17-B3E0-4EE2-BBA2-FB7FC4816EE8}.Release|x86.ActiveCfg = Release|Any CPU
		{59CD8B17-B3E0-4EE2-BBA2-FB7FC4816EE8}.Release|x86.Build.0 = Release|Any CPU
		{84D5DC05-2BD0-4FE5-9A82-0DE65953FE46}.Debug|Any CPU.ActiveCfg = Debug|Any CPU
		{84D5DC05-2BD0-4FE5-9A82-0DE65953FE46}.Debug|Any CPU.Build.0 = Debug|Any CPU
		{84D5DC05-2BD0-4FE5-9A82-0DE65953FE46}.Debug|x64.ActiveCfg = Debug|Any CPU
		{84D5DC05-2BD0-4FE5-9A82-0DE65953FE46}.Debug|x64.Build.0 = Debug|Any CPU
		{84D5DC05-2BD0-4FE5-9A82-0DE65953FE46}.Debug|x86.ActiveCfg = Debug|Any CPU
		{84D5DC05-2BD0-4FE5-9A82-0DE65953FE46}.Debug|x86.Build.0 = Debug|Any CPU
		{84D5DC05-2BD0-4FE5-9A82-0DE65953FE46}.Release|Any CPU.ActiveCfg = Release|Any CPU
		{84D5DC05-2BD0-4FE5-9A82-0DE65953FE46}.Release|Any CPU.Build.0 = Release|Any CPU
		{84D5DC05-2BD0-4FE5-9A82-0DE65953FE46}.Release|x64.ActiveCfg = Release|Any CPU
		{84D5DC05-2BD0-4FE5-9A82-0DE65953FE46}.Release|x64.Build.0 = Release|Any CPU
		{84D5DC05-2BD0-4FE5-9A82-0DE65953FE46}.Release|x86.ActiveCfg = Release|Any CPU
		{84D5DC05-2BD0-4FE5-9A82-0DE65953FE46}.Release|x86.Build.0 = Release|Any CPU
		{A7E35D05-7DA4-4525-9AAD-05D1383EE899}.Debug|Any CPU.ActiveCfg = Debug|Any CPU
		{A7E35D05-7DA4-4525-9AAD-05D1383EE899}.Debug|Any CPU.Build.0 = Debug|Any CPU
		{A7E35D05-7DA4-4525-9AAD-05D1383EE899}.Debug|x64.ActiveCfg = Debug|Any CPU
		{A7E35D05-7DA4-4525-9AAD-05D1383EE899}.Debug|x64.Build.0 = Debug|Any CPU
		{A7E35D05-7DA4-4525-9AAD-05D1383EE899}.Debug|x86.ActiveCfg = Debug|Any CPU
		{A7E35D05-7DA4-4525-9AAD-05D1383EE899}.Debug|x86.Build.0 = Debug|Any CPU
		{A7E35D05-7DA4-4525-9AAD-05D1383EE899}.Release|Any CPU.ActiveCfg = Release|Any CPU
		{A7E35D05-7DA4-4525-9AAD-05D1383EE899}.Release|Any CPU.Build.0 = Release|Any CPU
		{A7E35D05-7DA4-4525-9AAD-05D1383EE899}.Release|x64.ActiveCfg = Release|Any CPU
		{A7E35D05-7DA4-4525-9AAD-05D1383EE899}.Release|x64.Build.0 = Release|Any CPU
		{A7E35D05-7DA4-4525-9AAD-05D1383EE899}.Release|x86.ActiveCfg = Release|Any CPU
		{A7E35D05-7DA4-4525-9AAD-05D1383EE899}.Release|x86.Build.0 = Release|Any CPU
		{87B3450F-7E46-4CF5-8486-315128B5DF99}.Debug|Any CPU.ActiveCfg = Debug|Any CPU
		{87B3450F-7E46-4CF5-8486-315128B5DF99}.Debug|Any CPU.Build.0 = Debug|Any CPU
		{87B3450F-7E46-4CF5-8486-315128B5DF99}.Debug|x64.ActiveCfg = Debug|Any CPU
		{87B3450F-7E46-4CF5-8486-315128B5DF99}.Debug|x64.Build.0 = Debug|Any CPU
		{87B3450F-7E46-4CF5-8486-315128B5DF99}.Debug|x86.ActiveCfg = Debug|Any CPU
		{87B3450F-7E46-4CF5-8486-315128B5DF99}.Debug|x86.Build.0 = Debug|Any CPU
		{87B3450F-7E46-4CF5-8486-315128B5DF99}.Release|Any CPU.ActiveCfg = Release|Any CPU
		{87B3450F-7E46-4CF5-8486-315128B5DF99}.Release|Any CPU.Build.0 = Release|Any CPU
		{87B3450F-7E46-4CF5-8486-315128B5DF99}.Release|x64.ActiveCfg = Release|Any CPU
		{87B3450F-7E46-4CF5-8486-315128B5DF99}.Release|x64.Build.0 = Release|Any CPU
		{87B3450F-7E46-4CF5-8486-315128B5DF99}.Release|x86.ActiveCfg = Release|Any CPU
		{87B3450F-7E46-4CF5-8486-315128B5DF99}.Release|x86.Build.0 = Release|Any CPU
	EndGlobalSection
	GlobalSection(SolutionProperties) = preSolution
		HideSolutionNode = FALSE
	EndGlobalSection
	GlobalSection(ExtensibilityGlobals) = postSolution
		SolutionGuid = {681AD159-B5CB-4CE9-853F-AA96AE681C6B}
	EndGlobalSection
EndGlobal
